
Microsoft Visual Studio Solution File, Format Version 12.00
# Visual Studio Version 17
VisualStudioVersion = 17.4.33205.214
MinimumVisualStudioVersion = 10.0.40219.1
Project("{2150E333-8FDC-42A3-9474-1A3956D46DE8}") = "Services", "Services", "{F93A2E21-92D8-42CC-83A3-53BE17AF162A}"
EndProject
Project("{2150E333-8FDC-42A3-9474-1A3956D46DE8}") = "Product", "Product", "{7E727DA5-BB96-4872-8FD1-7A24014A6E18}"
EndProject
Project("{2150E333-8FDC-42A3-9474-1A3956D46DE8}") = "Search", "Search", "{95475862-9643-48D0-B1B0-3F38622603F6}"
EndProject
Project("{9A19103F-16F7-4668-BE54-9A1E7A4F7556}") = "iRetail.Search.FunctionApp", "iRetail.Search.FunctionApp\iRetail.Search.FunctionApp.csproj", "{82D44637-7E97-42B6-B0E7-E9CC60003557}"
EndProject
Project("{2150E333-8FDC-42A3-9474-1A3956D46DE8}") = "Core", "Core", "{152B9CEB-18C5-41CF-8771-6F95FA1B1907}"
EndProject
Project("{2150E333-8FDC-42A3-9474-1A3956D46DE8}") = "Common", "Common", "{A3EB77EA-E635-444F-BE6A-E593EF4FBD19}"
EndProject
Project("{2150E333-8FDC-42A3-9474-1A3956D46DE8}") = "Tests", "Tests", "{E0088564-7C44-4A49-9285-653D51ED2A46}"
EndProject
Project("{9A19103F-16F7-4668-BE54-9A1E7A4F7556}") = "iRetail.Core.Entity", "iRetail.Core.Entity\iRetail.Core.Entity.csproj", "{3FE67B20-D446-48B7-9226-A4238AF0BEB3}"
EndProject
Project("{9A19103F-16F7-4668-BE54-9A1E7A4F7556}") = "iRetail.Core.Infrastructure", "iRetail.Core.Infrastructure\iRetail.Core.Infrastructure.csproj", "{8310FC77-CEE9-4BC5-B396-85E2A0B00011}"
EndProject
Project("{9A19103F-16F7-4668-BE54-9A1E7A4F7556}") = "iRetail.Core.Services", "iRetail.Core.Services\iRetail.Core.Services.csproj", "{B7974FBF-6567-41D4-9398-545A9D507728}"
EndProject
Project("{9A19103F-16F7-4668-BE54-9A1E7A4F7556}") = "iRetail.Common.Model", "iRetail.Common.Model\iRetail.Common.Model.csproj", "{66F4208D-C587-4486-B92C-1D551DF46FE8}"
EndProject
Project("{9A19103F-16F7-4668-BE54-9A1E7A4F7556}") = "iRetail.Common.Services", "iRetail.Common.Services\iRetail.Common.Services.csproj", "{3D1C553A-5DFD-485B-9BA4-1DA5898EC43A}"
EndProject
Project("{9A19103F-16F7-4668-BE54-9A1E7A4F7556}") = "iRetail.Core.Infrastructure.Tests", "iRetail.Core.Infrastructure.Tests\iRetail.Core.Infrastructure.Tests.csproj", "{75FB31AB-2B1B-46FC-9568-133628D8C823}"
EndProject
Project("{9A19103F-16F7-4668-BE54-9A1E7A4F7556}") = "iRetail.Core.Services.Test", "iRetail.Core.Services.Test\iRetail.Core.Services.Test.csproj", "{2C8B45D1-4F69-4C6A-837F-02451260C279}"
EndProject
Project("{2150E333-8FDC-42A3-9474-1A3956D46DE8}") = "Upload", "Upload", "{50249D24-9D4C-40BA-98CF-071C7A1473D1}"
EndProject
Project("{9A19103F-16F7-4668-BE54-9A1E7A4F7556}") = "iRetail.Upload.FunctionApp", "iRetail.Upload.FunctionApp\iRetail.Upload.FunctionApp.csproj", "{B67AB87B-0F25-42F0-8511-627F68A130E8}"
EndProject
Project("{9A19103F-16F7-4668-BE54-9A1E7A4F7556}") = "iRetail.Product.FunctionApp", "iRetail.Product.FunctionApp\iRetail.Product.FunctionApp\iRetail.Product.FunctionApp.csproj", "{F64D6B4D-3CCF-48D7-A8DD-FE1370A1BB40}"
EndProject
Global
	GlobalSection(SolutionConfigurationPlatforms) = preSolution
		Debug|Any CPU = Debug|Any CPU
		Release|Any CPU = Release|Any CPU
	EndGlobalSection
	GlobalSection(ProjectConfigurationPlatforms) = postSolution
		{82D44637-7E97-42B6-B0E7-E9CC60003557}.Debug|Any CPU.ActiveCfg = Debug|Any CPU
		{82D44637-7E97-42B6-B0E7-E9CC60003557}.Debug|Any CPU.Build.0 = Debug|Any CPU
		{82D44637-7E97-42B6-B0E7-E9CC60003557}.Release|Any CPU.ActiveCfg = Release|Any CPU
		{82D44637-7E97-42B6-B0E7-E9CC60003557}.Release|Any CPU.Build.0 = Release|Any CPU
		{3FE67B20-D446-48B7-9226-A4238AF0BEB3}.Debug|Any CPU.ActiveCfg = Debug|Any CPU
		{3FE67B20-D446-48B7-9226-A4238AF0BEB3}.Debug|Any CPU.Build.0 = Debug|Any CPU
		{3FE67B20-D446-48B7-9226-A4238AF0BEB3}.Release|Any CPU.ActiveCfg = Release|Any CPU
		{3FE67B20-D446-48B7-9226-A4238AF0BEB3}.Release|Any CPU.Build.0 = Release|Any CPU
		{8310FC77-CEE9-4BC5-B396-85E2A0B00011}.Debug|Any CPU.ActiveCfg = Debug|Any CPU
		{8310FC77-CEE9-4BC5-B396-85E2A0B00011}.Debug|Any CPU.Build.0 = Debug|Any CPU
		{8310FC77-CEE9-4BC5-B396-85E2A0B00011}.Release|Any CPU.ActiveCfg = Release|Any CPU
		{8310FC77-CEE9-4BC5-B396-85E2A0B00011}.Release|Any CPU.Build.0 = Release|Any CPU
		{B7974FBF-6567-41D4-9398-545A9D507728}.Debug|Any CPU.ActiveCfg = Debug|Any CPU
		{B7974FBF-6567-41D4-9398-545A9D507728}.Debug|Any CPU.Build.0 = Debug|Any CPU
		{B7974FBF-6567-41D4-9398-545A9D507728}.Release|Any CPU.ActiveCfg = Release|Any CPU
		{B7974FBF-6567-41D4-9398-545A9D507728}.Release|Any CPU.Build.0 = Release|Any CPU
		{66F4208D-C587-4486-B92C-1D551DF46FE8}.Debug|Any CPU.ActiveCfg = Debug|Any CPU
		{66F4208D-C587-4486-B92C-1D551DF46FE8}.Debug|Any CPU.Build.0 = Debug|Any CPU
		{66F4208D-C587-4486-B92C-1D551DF46FE8}.Release|Any CPU.ActiveCfg = Release|Any CPU
		{66F4208D-C587-4486-B92C-1D551DF46FE8}.Release|Any CPU.Build.0 = Release|Any CPU
		{3D1C553A-5DFD-485B-9BA4-1DA5898EC43A}.Debug|Any CPU.ActiveCfg = Debug|Any CPU
		{3D1C553A-5DFD-485B-9BA4-1DA5898EC43A}.Debug|Any CPU.Build.0 = Debug|Any CPU
		{3D1C553A-5DFD-485B-9BA4-1DA5898EC43A}.Release|Any CPU.ActiveCfg = Release|Any CPU
		{3D1C553A-5DFD-485B-9BA4-1DA5898EC43A}.Release|Any CPU.Build.0 = Release|Any CPU
		{75FB31AB-2B1B-46FC-9568-133628D8C823}.Debug|Any CPU.ActiveCfg = Debug|Any CPU
		{75FB31AB-2B1B-46FC-9568-133628D8C823}.Debug|Any CPU.Build.0 = Debug|Any CPU
		{75FB31AB-2B1B-46FC-9568-133628D8C823}.Release|Any CPU.ActiveCfg = Release|Any CPU
		{75FB31AB-2B1B-46FC-9568-133628D8C823}.Release|Any CPU.Build.0 = Release|Any CPU
		{2C8B45D1-4F69-4C6A-837F-02451260C279}.Debug|Any CPU.ActiveCfg = Debug|Any CPU
		{2C8B45D1-4F69-4C6A-837F-02451260C279}.Debug|Any CPU.Build.0 = Debug|Any CPU
		{2C8B45D1-4F69-4C6A-837F-02451260C279}.Release|Any CPU.ActiveCfg = Release|Any CPU
		{2C8B45D1-4F69-4C6A-837F-02451260C279}.Release|Any CPU.Build.0 = Release|Any CPU
		{B67AB87B-0F25-42F0-8511-627F68A130E8}.Debug|Any CPU.ActiveCfg = Debug|Any CPU
		{B67AB87B-0F25-42F0-8511-627F68A130E8}.Debug|Any CPU.Build.0 = Debug|Any CPU
		{B67AB87B-0F25-42F0-8511-627F68A130E8}.Release|Any CPU.ActiveCfg = Release|Any CPU
		{B67AB87B-0F25-42F0-8511-627F68A130E8}.Release|Any CPU.Build.0 = Release|Any CPU
		{F64D6B4D-3CCF-48D7-A8DD-FE1370A1BB40}.Debug|Any CPU.ActiveCfg = Debug|Any CPU
		{F64D6B4D-3CCF-48D7-A8DD-FE1370A1BB40}.Debug|Any CPU.Build.0 = Debug|Any CPU
		{F64D6B4D-3CCF-48D7-A8DD-FE1370A1BB40}.Release|Any CPU.ActiveCfg = Release|Any CPU
		{F64D6B4D-3CCF-48D7-A8DD-FE1370A1BB40}.Release|Any CPU.Build.0 = Release|Any CPU
	EndGlobalSection
	GlobalSection(SolutionProperties) = preSolution
		HideSolutionNode = FALSE
	EndGlobalSection
	GlobalSection(NestedProjects) = preSolution
		{7E727DA5-BB96-4872-8FD1-7A24014A6E18} = {F93A2E21-92D8-42CC-83A3-53BE17AF162A}
		{95475862-9643-48D0-B1B0-3F38622603F6} = {F93A2E21-92D8-42CC-83A3-53BE17AF162A}
		{82D44637-7E97-42B6-B0E7-E9CC60003557} = {95475862-9643-48D0-B1B0-3F38622603F6}
		{E0088564-7C44-4A49-9285-653D51ED2A46} = {152B9CEB-18C5-41CF-8771-6F95FA1B1907}
		{3FE67B20-D446-48B7-9226-A4238AF0BEB3} = {152B9CEB-18C5-41CF-8771-6F95FA1B1907}
		{8310FC77-CEE9-4BC5-B396-85E2A0B00011} = {152B9CEB-18C5-41CF-8771-6F95FA1B1907}
		{B7974FBF-6567-41D4-9398-545A9D507728} = {152B9CEB-18C5-41CF-8771-6F95FA1B1907}
		{66F4208D-C587-4486-B92C-1D551DF46FE8} = {A3EB77EA-E635-444F-BE6A-E593EF4FBD19}
		{3D1C553A-5DFD-485B-9BA4-1DA5898EC43A} = {A3EB77EA-E635-444F-BE6A-E593EF4FBD19}
		{75FB31AB-2B1B-46FC-9568-133628D8C823} = {E0088564-7C44-4A49-9285-653D51ED2A46}
		{2C8B45D1-4F69-4C6A-837F-02451260C279} = {E0088564-7C44-4A49-9285-653D51ED2A46}
		{50249D24-9D4C-40BA-98CF-071C7A1473D1} = {F93A2E21-92D8-42CC-83A3-53BE17AF162A}
		{B67AB87B-0F25-42F0-8511-627F68A130E8} = {50249D24-9D4C-40BA-98CF-071C7A1473D1}
		{F64D6B4D-3CCF-48D7-A8DD-FE1370A1BB40} = {7E727DA5-BB96-4872-8FD1-7A24014A6E18}
	EndGlobalSection
	GlobalSection(ExtensibilityGlobals) = postSolution
		SolutionGuid = {C2894949-6017-4D7C-9D9E-8D80932C6553}
	EndGlobalSection
EndGlobal
